<?xml version="1.0" encoding="utf-8"?>
<Project ToolsVersion="17.0" xmlns="http://schemas.microsoft.com/developer/msbuild/2003">
  <ItemGroup>
    <CustomBuild Include="Q:\source\AppModBenchMark\ResolveNoErrors\build-v145-cpp20\CMakeFiles\2f752e2af4d3a99e1d2180ee4df17fe3\generate.stamp.rule">
      <Filter>CMake Rules</Filter>
    </CustomBuild>
  </ItemGroup>
  <ItemGroup>
    <Filter Include="CMake Rules">
      <UniqueIdentifier>{9ED9B9BA-1EF2-3134-B072-21C6F49F9A0E}</UniqueIdentifier>
    </Filter>
  </ItemGroup>
</Project>
