<?xml version="1.0" encoding="utf-8"?>
<Project ToolsVersion="17.0" xmlns="http://schemas.microsoft.com/developer/msbuild/2003">
  <ItemGroup>
    <ClCompile Include="Q:\source\AppModBenchMark\ResolveNoErrors\ResolveNoErrors\ResolveNoErrors.cpp">
      <Filter>Source Files</Filter>
    </ClCompile>
  </ItemGroup>
  <ItemGroup>
    <ClInclude Include="Q:\source\AppModBenchMark\ResolveNoErrors\ResolveNoErrors\ResolveNoErrors.h">
      <Filter>Header Files</Filter>
    </ClInclude>
  </ItemGroup>
  <ItemGroup>
    <CustomBuild Include="Q:\source\AppModBenchMark\ResolveNoErrors\ResolveNoErrors\CMakeLists.txt" />
  </ItemGroup>
  <ItemGroup>
    <Filter Include="Header Files">
      <UniqueIdentifier>{BFC6B860-9A47-33F6-8C2F-243B1A4AB66F}</UniqueIdentifier>
    </Filter>
    <Filter Include="Source Files">
      <UniqueIdentifier>{072B63E1-E43C-3598-9860-A79EF634FABA}</UniqueIdentifier>
    </Filter>
  </ItemGroup>
</Project>
