
Microsoft Visual Studio Solution File, Format Version 12.00
# Visual Studio Version 17
Project("{8BC9CEB8-8B4A-11D0-8D11-00A0C91BC942}") = "ALL_BUILD", "ALL_BUILD.vcxproj", "{65A539A3-CF01-3451-88F9-8E94DAEE16FC}"
	ProjectSection(ProjectDependencies) = postProject
		{DF1B9C31-B284-301C-95CC-99FA5B3AF0D3} = {DF1B9C31-B284-301C-95CC-99FA5B3AF0D3}
		{2EA1EEEC-BF14-3A49-AB54-261705849AAC} = {2EA1EEEC-BF14-3A49-AB54-261705849AAC}
	EndProjectSection
EndProject
Project("{8BC9CEB8-8B4A-11D0-8D11-00A0C91BC942}") = "ResolveNoErrors", "ResolveNoErrors\ResolveNoErrors.vcxproj", "{DF1B9C31-B284-301C-95CC-99FA5B3AF0D3}"
	ProjectSection(ProjectDependencies) = postProject
		{2EA1EEEC-BF14-3A49-AB54-261705849AAC} = {2EA1EEEC-BF14-3A49-AB54-261705849AAC}
	EndProjectSection
EndProject
Project("{8BC9CEB8-8B4A-11D0-8D11-00A0C91BC942}") = "ZERO_CHECK", "ZERO_CHECK.vcxproj", "{2EA1EEEC-BF14-3A49-AB54-261705849AAC}"
	ProjectSection(ProjectDependencies) = postProject
	EndProjectSection
EndProject
Global
	GlobalSection(SolutionConfigurationPlatforms) = preSolution
		Debug|x64 = Debug|x64
		Release|x64 = Release|x64
		MinSizeRel|x64 = MinSizeRel|x64
		RelWithDebInfo|x64 = RelWithDebInfo|x64
	EndGlobalSection
	GlobalSection(ProjectConfigurationPlatforms) = postSolution
		{65A539A3-CF01-3451-88F9-8E94DAEE16FC}.Debug|x64.ActiveCfg = Debug|x64
		{65A539A3-CF01-3451-88F9-8E94DAEE16FC}.Release|x64.ActiveCfg = Release|x64
		{65A539A3-CF01-3451-88F9-8E94DAEE16FC}.MinSizeRel|x64.ActiveCfg = MinSizeRel|x64
		{65A539A3-CF01-3451-88F9-8E94DAEE16FC}.RelWithDebInfo|x64.ActiveCfg = RelWithDebInfo|x64
		{DF1B9C31-B284-301C-95CC-99FA5B3AF0D3}.Debug|x64.ActiveCfg = Debug|x64
		{DF1B9C31-B284-301C-95CC-99FA5B3AF0D3}.Debug|x64.Build.0 = Debug|x64
		{DF1B9C31-B284-301C-95CC-99FA5B3AF0D3}.Release|x64.ActiveCfg = Release|x64
		{DF1B9C31-B284-301C-95CC-99FA5B3AF0D3}.Release|x64.Build.0 = Release|x64
		{DF1B9C31-B284-301C-95CC-99FA5B3AF0D3}.MinSizeRel|x64.ActiveCfg = MinSizeRel|x64
		{DF1B9C31-B284-301C-95CC-99FA5B3AF0D3}.MinSizeRel|x64.Build.0 = MinSizeRel|x64
		{DF1B9C31-B284-301C-95CC-99FA5B3AF0D3}.RelWithDebInfo|x64.ActiveCfg = RelWithDebInfo|x64
		{DF1B9C31-B284-301C-95CC-99FA5B3AF0D3}.RelWithDebInfo|x64.Build.0 = RelWithDebInfo|x64
		{2EA1EEEC-BF14-3A49-AB54-261705849AAC}.Debug|x64.ActiveCfg = Debug|x64
		{2EA1EEEC-BF14-3A49-AB54-261705849AAC}.Debug|x64.Build.0 = Debug|x64
		{2EA1EEEC-BF14-3A49-AB54-261705849AAC}.Release|x64.ActiveCfg = Release|x64
		{2EA1EEEC-BF14-3A49-AB54-261705849AAC}.Release|x64.Build.0 = Release|x64
		{2EA1EEEC-BF14-3A49-AB54-261705849AAC}.MinSizeRel|x64.ActiveCfg = MinSizeRel|x64
		{2EA1EEEC-BF14-3A49-AB54-261705849AAC}.MinSizeRel|x64.Build.0 = MinSizeRel|x64
		{2EA1EEEC-BF14-3A49-AB54-261705849AAC}.RelWithDebInfo|x64.ActiveCfg = RelWithDebInfo|x64
		{2EA1EEEC-BF14-3A49-AB54-261705849AAC}.RelWithDebInfo|x64.Build.0 = RelWithDebInfo|x64
	EndGlobalSection
	GlobalSection(ExtensibilityGlobals) = postSolution
		SolutionGuid = {18FAF74D-D4B0-30FB-BE5F-B443E0B41F8E}
	EndGlobalSection
	GlobalSection(ExtensibilityAddIns) = postSolution
	EndGlobalSection
EndGlobal
