
Microsoft Visual Studio Solution File, Format Version 12.00
# Visual Studio Version 17
Project("{8BC9CEB8-8B4A-11D0-8D11-00A0C91BC942}") = "ALL_BUILD", "ALL_BUILD.vcxproj", "{1BFDDE3A-59C3-3198-888D-84FE8BB7A9BB}"
	ProjectSection(ProjectDependencies) = postProject
		{9BEBE050-39C6-311D-AB14-8CA8BF425770} = {9BEBE050-39C6-311D-AB14-8CA8BF425770}
		{95046367-005F-3B06-961E-58A4991F1164} = {95046367-005F-3B06-961E-58A4991F1164}
	EndProjectSection
EndProject
Project("{8BC9CEB8-8B4A-11D0-8D11-00A0C91BC942}") = "ResolveNoErrors", "ResolveNoErrors\ResolveNoErrors.vcxproj", "{9BEBE050-39C6-311D-AB14-8CA8BF425770}"
	ProjectSection(ProjectDependencies) = postProject
		{95046367-005F-3B06-961E-58A4991F1164} = {95046367-005F-3B06-961E-58A4991F1164}
	EndProjectSection
EndProject
Project("{8BC9CEB8-8B4A-11D0-8D11-00A0C91BC942}") = "ZERO_CHECK", "ZERO_CHECK.vcxproj", "{95046367-005F-3B06-961E-58A4991F1164}"
	ProjectSection(ProjectDependencies) = postProject
	EndProjectSection
EndProject
Global
	GlobalSection(SolutionConfigurationPlatforms) = preSolution
		Debug|x64 = Debug|x64
		Release|x64 = Release|x64
		MinSizeRel|x64 = MinSizeRel|x64
		RelWithDebInfo|x64 = RelWithDebInfo|x64
	EndGlobalSection
	GlobalSection(ProjectConfigurationPlatforms) = postSolution
		{1BFDDE3A-59C3-3198-888D-84FE8BB7A9BB}.Debug|x64.ActiveCfg = Debug|x64
		{1BFDDE3A-59C3-3198-888D-84FE8BB7A9BB}.Release|x64.ActiveCfg = Release|x64
		{1BFDDE3A-59C3-3198-888D-84FE8BB7A9BB}.MinSizeRel|x64.ActiveCfg = MinSizeRel|x64
		{1BFDDE3A-59C3-3198-888D-84FE8BB7A9BB}.RelWithDebInfo|x64.ActiveCfg = RelWithDebInfo|x64
		{9BEBE050-39C6-311D-AB14-8CA8BF425770}.Debug|x64.ActiveCfg = Debug|x64
		{9BEBE050-39C6-311D-AB14-8CA8BF425770}.Debug|x64.Build.0 = Debug|x64
		{9BEBE050-39C6-311D-AB14-8CA8BF425770}.Release|x64.ActiveCfg = Release|x64
		{9BEBE050-39C6-311D-AB14-8CA8BF425770}.Release|x64.Build.0 = Release|x64
		{9BEBE050-39C6-311D-AB14-8CA8BF425770}.MinSizeRel|x64.ActiveCfg = MinSizeRel|x64
		{9BEBE050-39C6-311D-AB14-8CA8BF425770}.MinSizeRel|x64.Build.0 = MinSizeRel|x64
		{9BEBE050-39C6-311D-AB14-8CA8BF425770}.RelWithDebInfo|x64.ActiveCfg = RelWithDebInfo|x64
		{9BEBE050-39C6-311D-AB14-8CA8BF425770}.RelWithDebInfo|x64.Build.0 = RelWithDebInfo|x64
		{95046367-005F-3B06-961E-58A4991F1164}.Debug|x64.ActiveCfg = Debug|x64
		{95046367-005F-3B06-961E-58A4991F1164}.Debug|x64.Build.0 = Debug|x64
		{95046367-005F-3B06-961E-58A4991F1164}.Release|x64.ActiveCfg = Release|x64
		{95046367-005F-3B06-961E-58A4991F1164}.Release|x64.Build.0 = Release|x64
		{95046367-005F-3B06-961E-58A4991F1164}.MinSizeRel|x64.ActiveCfg = MinSizeRel|x64
		{95046367-005F-3B06-961E-58A4991F1164}.MinSizeRel|x64.Build.0 = MinSizeRel|x64
		{95046367-005F-3B06-961E-58A4991F1164}.RelWithDebInfo|x64.ActiveCfg = RelWithDebInfo|x64
		{95046367-005F-3B06-961E-58A4991F1164}.RelWithDebInfo|x64.Build.0 = RelWithDebInfo|x64
	EndGlobalSection
	GlobalSection(ExtensibilityGlobals) = postSolution
		SolutionGuid = {54F154B7-93EE-3758-822B-2DA48B550314}
	EndGlobalSection
	GlobalSection(ExtensibilityAddIns) = postSolution
	EndGlobalSection
EndGlobal
