<?xml version="1.0" encoding="utf-8"?>
<Project ToolsVersion="17.0" xmlns="http://schemas.microsoft.com/developer/msbuild/2003">
  <ItemGroup>
    <CustomBuild Include="Q:\source\AppModBenchMark\ResolveNoErrors\build-v140-cpp20\CMakeFiles\da5dc186ef952ff7645779c9258cc709\generate.stamp.rule">
      <Filter>CMake Rules</Filter>
    </CustomBuild>
  </ItemGroup>
  <ItemGroup>
    <Filter Include="CMake Rules">
      <UniqueIdentifier>{FA3D0B54-155C-345B-A61B-8052681C3F48}</UniqueIdentifier>
    </Filter>
  </ItemGroup>
</Project>
